{
  "object": {
    "pins": [
      {
        "package": "Later",
        "repositoryURL": "https://github.com/0xLeif/Later",
        "state": {
          "branch": null,
          "revision": "3ec8bc9dac95a5c4927dcc36b0c1cfbb540e6cbb",
          "version": "0.4.1"
        }
      },
      {
        "package": "Object",
        "repositoryURL": "https://github.com/0xLeif/Object.git",
        "state": {
          "branch": null,
          "revision": "5fba97d125a556223b6937fba7a3397ad8709981",
          "version": "0.5.0"
        }
      },
      {
        "package": "swift-nio",
        "repositoryURL": "https://github.com/apple/swift-nio.git",
        "state": {
          "branch": null,
          "revision": "c3e2359c55cd8b47207ab7363b77c9c398a95294",
          "version": "2.23.0"
        }
      }
    ]
  },
  "version": 1
}
